
Microsoft Visual Studio Solution File, Format Version 12.00
# Visual Studio 15
VisualStudioVersion = 15.0.28307.329
MinimumVisualStudioVersion = 10.0.40219.1
Project("{FAE04EC0-301F-11D3-BF4B-00C04F79EFBC}") = "WpfSkinExample", "WpfSkinExample\WpfSkinExample.csproj", "{D1BBAFD9-C00A-40F1-B99B-1895B28F6DF4}"
EndProject
Global
	GlobalSection(SolutionConfigurationPlatforms) = preSolution
		Debug|Any CPU = Debug|Any CPU
		Release|Any CPU = Release|Any CPU
	EndGlobalSection
	GlobalSection(ProjectConfigurationPlatforms) = postSolution
		{D1BBAFD9-C00A-40F1-B99B-1895B28F6DF4}.Debug|Any CPU.ActiveCfg = Debug|Any CPU
		{D1BBAFD9-C00A-40F1-B99B-1895B28F6DF4}.Debug|Any CPU.Build.0 = Debug|Any CPU
		{D1BBAFD9-C00A-40F1-B99B-1895B28F6DF4}.Release|Any CPU.ActiveCfg = Release|Any CPU
		{D1BBAFD9-C00A-40F1-B99B-1895B28F6DF4}.Release|Any CPU.Build.0 = Release|Any CPU
	EndGlobalSection
	GlobalSection(SolutionProperties) = preSolution
		HideSolutionNode = FALSE
	EndGlobalSection
	GlobalSection(ExtensibilityGlobals) = postSolution
		SolutionGuid = {ADFF6509-7969-4B18-9BC3-B3C33D99CA07}
	EndGlobalSection
EndGlobal
